
Microsoft Visual Studio Solution File, Format Version 12.00
# Visual Studio Version 17
VisualStudioVersion = 17.2.32526.322
MinimumVisualStudioVersion = 10.0.40219.1
Project("{FAE04EC0-301F-11D3-BF4B-00C04F79EFBC}") = "Frequency_Analysis", "Frequency_Analysis.csproj", "{1CE3F0FE-CB60-42E4-B121-52BCD378F238}"
EndProject
Global
	GlobalSection(SolutionConfigurationPlatforms) = preSolution
		Debug|Any CPU = Debug|Any CPU
		Release|Any CPU = Release|Any CPU
	EndGlobalSection
	GlobalSection(ProjectConfigurationPlatforms) = postSolution
		{1CE3F0FE-CB60-42E4-B121-52BCD378F238}.Debug|Any CPU.ActiveCfg = Debug|Any CPU
		{1CE3F0FE-CB60-42E4-B121-52BCD378F238}.Debug|Any CPU.Build.0 = Debug|Any CPU
		{1CE3F0FE-CB60-42E4-B121-52BCD378F238}.Release|Any CPU.ActiveCfg = Release|Any CPU
		{1CE3F0FE-CB60-42E4-B121-52BCD378F238}.Release|Any CPU.Build.0 = Release|Any CPU
	EndGlobalSection
	GlobalSection(SolutionProperties) = preSolution
		HideSolutionNode = FALSE
	EndGlobalSection
	GlobalSection(ExtensibilityGlobals) = postSolution
		SolutionGuid = {6A2FE70E-0244-4FDE-894A-158415E9EF77}
	EndGlobalSection
EndGlobal
